
Microsoft Visual Studio Solution File, Format Version 12.00
# Visual Studio Version 17
VisualStudioVersion = 17.2.32526.322
MinimumVisualStudioVersion = 10.0.40219.1
Project("{FAE04EC0-301F-11D3-BF4B-00C04F79EFBC}") = "LearnBasic", "LearnBasic\LearnBasic.csproj", "{1A11D186-F7AB-4EB7-8DDC-C3E396779998}"
EndProject
Global
	GlobalSection(SolutionConfigurationPlatforms) = preSolution
		Debug|Any CPU = Debug|Any CPU
		Release|Any CPU = Release|Any CPU
	EndGlobalSection
	GlobalSection(ProjectConfigurationPlatforms) = postSolution
		{1A11D186-F7AB-4EB7-8DDC-C3E396779998}.Debug|Any CPU.ActiveCfg = Debug|Any CPU
		{1A11D186-F7AB-4EB7-8DDC-C3E396779998}.Debug|Any CPU.Build.0 = Debug|Any CPU
		{1A11D186-F7AB-4EB7-8DDC-C3E396779998}.Release|Any CPU.ActiveCfg = Release|Any CPU
		{1A11D186-F7AB-4EB7-8DDC-C3E396779998}.Release|Any CPU.Build.0 = Release|Any CPU
	EndGlobalSection
	GlobalSection(SolutionProperties) = preSolution
		HideSolutionNode = FALSE
	EndGlobalSection
	GlobalSection(ExtensibilityGlobals) = postSolution
		SolutionGuid = {37F91E05-7C2C-4516-8377-74DEE599BF00}
	EndGlobalSection
EndGlobal
